
Microsoft Visual Studio Solution File, Format Version 12.00
# Visual Studio Version 17
VisualStudioVersion = 17.11.35312.102
MinimumVisualStudioVersion = 10.0.40219.1
Project("{FAE04EC0-301F-11D3-BF4B-00C04F79EFBC}") = "ProjektBankaHelisek", "ProjektBankaHelisek.csproj", "{EDDC9AB3-A3A8-4C5A-A109-4D14EEAB39CC}"
EndProject
Global
	GlobalSection(SolutionConfigurationPlatforms) = preSolution
		Debug|Any CPU = Debug|Any CPU
		Release|Any CPU = Release|Any CPU
	EndGlobalSection
	GlobalSection(ProjectConfigurationPlatforms) = postSolution
		{EDDC9AB3-A3A8-4C5A-A109-4D14EEAB39CC}.Debug|Any CPU.ActiveCfg = Debug|Any CPU
		{EDDC9AB3-A3A8-4C5A-A109-4D14EEAB39CC}.Debug|Any CPU.Build.0 = Debug|Any CPU
		{EDDC9AB3-A3A8-4C5A-A109-4D14EEAB39CC}.Release|Any CPU.ActiveCfg = Release|Any CPU
		{EDDC9AB3-A3A8-4C5A-A109-4D14EEAB39CC}.Release|Any CPU.Build.0 = Release|Any CPU
	EndGlobalSection
	GlobalSection(SolutionProperties) = preSolution
		HideSolutionNode = FALSE
	EndGlobalSection
	GlobalSection(ExtensibilityGlobals) = postSolution
		SolutionGuid = {06B10BC0-F214-4BE9-8BBB-9666B513E5D7}
	EndGlobalSection
EndGlobal
